
Microsoft Visual Studio Solution File, Format Version 12.00
# Visual Studio 15
VisualStudioVersion = 15.0.27130.2036
MinimumVisualStudioVersion = 10.0.40219.1
Project("{FAE04EC0-301F-11D3-BF4B-00C04F79EFBC}") = "Lab1", "Lab1\Lab1.csproj", "{37918F14-A39D-4B2D-836D-D783D1F19C67}"
EndProject
Project("{FAE04EC0-301F-11D3-BF4B-00C04F79EFBC}") = "Lab3", "Lab3\Lab3.csproj", "{B0372DE8-17BF-446A-85E7-9FF2751C7D56}"
EndProject
Project("{FAE04EC0-301F-11D3-BF4B-00C04F79EFBC}") = "Lab2", "Lab2\Lab2.csproj", "{FDE9FB93-7DA1-486E-A25D-9597963A7E16}"
EndProject
Project("{FAE04EC0-301F-11D3-BF4B-00C04F79EFBC}") = "Lab4", "Lab4\Lab4.csproj", "{14E16771-3A0D-49AD-8D26-13747333A7D7}"
EndProject
Project("{FAE04EC0-301F-11D3-BF4B-00C04F79EFBC}") = "Lab6", "Lab6\Lab6.csproj", "{78B356B6-D2E1-4F3C-9F5F-3447DAF6D505}"
EndProject
Project("{FAE04EC0-301F-11D3-BF4B-00C04F79EFBC}") = "Lab7", "Lab7\Lab7.csproj", "{E76B85F6-4EEC-4360-975A-16C0D427F0CC}"
EndProject
Global
	GlobalSection(SolutionConfigurationPlatforms) = preSolution
		Debug|Any CPU = Debug|Any CPU
		Debug|x64 = Debug|x64
		Debug|x86 = Debug|x86
		Release|Any CPU = Release|Any CPU
		Release|x64 = Release|x64
		Release|x86 = Release|x86
	EndGlobalSection
	GlobalSection(ProjectConfigurationPlatforms) = postSolution
		{37918F14-A39D-4B2D-836D-D783D1F19C67}.Debug|Any CPU.ActiveCfg = Debug|Any CPU
		{37918F14-A39D-4B2D-836D-D783D1F19C67}.Debug|Any CPU.Build.0 = Debug|Any CPU
		{37918F14-A39D-4B2D-836D-D783D1F19C67}.Debug|x64.ActiveCfg = Debug|Any CPU
		{37918F14-A39D-4B2D-836D-D783D1F19C67}.Debug|x64.Build.0 = Debug|Any CPU
		{37918F14-A39D-4B2D-836D-D783D1F19C67}.Debug|x86.ActiveCfg = Debug|Any CPU
		{37918F14-A39D-4B2D-836D-D783D1F19C67}.Debug|x86.Build.0 = Debug|Any CPU
		{37918F14-A39D-4B2D-836D-D783D1F19C67}.Release|Any CPU.ActiveCfg = Release|Any CPU
		{37918F14-A39D-4B2D-836D-D783D1F19C67}.Release|Any CPU.Build.0 = Release|Any CPU
		{37918F14-A39D-4B2D-836D-D783D1F19C67}.Release|x64.ActiveCfg = Release|Any CPU
		{37918F14-A39D-4B2D-836D-D783D1F19C67}.Release|x64.Build.0 = Release|Any CPU
		{37918F14-A39D-4B2D-836D-D783D1F19C67}.Release|x86.ActiveCfg = Release|Any CPU
		{37918F14-A39D-4B2D-836D-D783D1F19C67}.Release|x86.Build.0 = Release|Any CPU
		{B0372DE8-17BF-446A-85E7-9FF2751C7D56}.Debug|Any CPU.ActiveCfg = Debug|Any CPU
		{B0372DE8-17BF-446A-85E7-9FF2751C7D56}.Debug|Any CPU.Build.0 = Debug|Any CPU
		{B0372DE8-17BF-446A-85E7-9FF2751C7D56}.Debug|x64.ActiveCfg = Debug|Any CPU
		{B0372DE8-17BF-446A-85E7-9FF2751C7D56}.Debug|x64.Build.0 = Debug|Any CPU
		{B0372DE8-17BF-446A-85E7-9FF2751C7D56}.Debug|x86.ActiveCfg = Debug|Any CPU
		{B0372DE8-17BF-446A-85E7-9FF2751C7D56}.Debug|x86.Build.0 = Debug|Any CPU
		{B0372DE8-17BF-446A-85E7-9FF2751C7D56}.Release|Any CPU.ActiveCfg = Release|Any CPU
		{B0372DE8-17BF-446A-85E7-9FF2751C7D56}.Release|Any CPU.Build.0 = Release|Any CPU
		{B0372DE8-17BF-446A-85E7-9FF2751C7D56}.Release|x64.ActiveCfg = Release|Any CPU
		{B0372DE8-17BF-446A-85E7-9FF2751C7D56}.Release|x64.Build.0 = Release|Any CPU
		{B0372DE8-17BF-446A-85E7-9FF2751C7D56}.Release|x86.ActiveCfg = Release|Any CPU
		{B0372DE8-17BF-446A-85E7-9FF2751C7D56}.Release|x86.Build.0 = Release|Any CPU
		{FDE9FB93-7DA1-486E-A25D-9597963A7E16}.Debug|Any CPU.ActiveCfg = Debug|Any CPU
		{FDE9FB93-7DA1-486E-A25D-9597963A7E16}.Debug|Any CPU.Build.0 = Debug|Any CPU
		{FDE9FB93-7DA1-486E-A25D-9597963A7E16}.Debug|x64.ActiveCfg = Debug|Any CPU
		{FDE9FB93-7DA1-486E-A25D-9597963A7E16}.Debug|x64.Build.0 = Debug|Any CPU
		{FDE9FB93-7DA1-486E-A25D-9597963A7E16}.Debug|x86.ActiveCfg = Debug|Any CPU
		{FDE9FB93-7DA1-486E-A25D-9597963A7E16}.Debug|x86.Build.0 = Debug|Any CPU
		{FDE9FB93-7DA1-486E-A25D-9597963A7E16}.Release|Any CPU.ActiveCfg = Release|Any CPU
		{FDE9FB93-7DA1-486E-A25D-9597963A7E16}.Release|Any CPU.Build.0 = Release|Any CPU
		{FDE9FB93-7DA1-486E-A25D-9597963A7E16}.Release|x64.ActiveCfg = Release|Any CPU
		{FDE9FB93-7DA1-486E-A25D-9597963A7E16}.Release|x64.Build.0 = Release|Any CPU
		{FDE9FB93-7DA1-486E-A25D-9597963A7E16}.Release|x86.ActiveCfg = Release|Any CPU
		{FDE9FB93-7DA1-486E-A25D-9597963A7E16}.Release|x86.Build.0 = Release|Any CPU
		{14E16771-3A0D-49AD-8D26-13747333A7D7}.Debug|Any CPU.ActiveCfg = Debug|Any CPU
		{14E16771-3A0D-49AD-8D26-13747333A7D7}.Debug|Any CPU.Build.0 = Debug|Any CPU
		{14E16771-3A0D-49AD-8D26-13747333A7D7}.Debug|x64.ActiveCfg = Debug|Any CPU
		{14E16771-3A0D-49AD-8D26-13747333A7D7}.Debug|x64.Build.0 = Debug|Any CPU
		{14E16771-3A0D-49AD-8D26-13747333A7D7}.Debug|x86.ActiveCfg = Debug|Any CPU
		{14E16771-3A0D-49AD-8D26-13747333A7D7}.Debug|x86.Build.0 = Debug|Any CPU
		{14E16771-3A0D-49AD-8D26-13747333A7D7}.Release|Any CPU.ActiveCfg = Release|Any CPU
		{14E16771-3A0D-49AD-8D26-13747333A7D7}.Release|Any CPU.Build.0 = Release|Any CPU
		{14E16771-3A0D-49AD-8D26-13747333A7D7}.Release|x64.ActiveCfg = Release|Any CPU
		{14E16771-3A0D-49AD-8D26-13747333A7D7}.Release|x64.Build.0 = Release|Any CPU
		{14E16771-3A0D-49AD-8D26-13747333A7D7}.Release|x86.ActiveCfg = Release|Any CPU
		{14E16771-3A0D-49AD-8D26-13747333A7D7}.Release|x86.Build.0 = Release|Any CPU
		{78B356B6-D2E1-4F3C-9F5F-3447DAF6D505}.Debug|Any CPU.ActiveCfg = Debug|Any CPU
		{78B356B6-D2E1-4F3C-9F5F-3447DAF6D505}.Debug|Any CPU.Build.0 = Debug|Any CPU
		{78B356B6-D2E1-4F3C-9F5F-3447DAF6D505}.Debug|x64.ActiveCfg = Debug|Any CPU
		{78B356B6-D2E1-4F3C-9F5F-3447DAF6D505}.Debug|x64.Build.0 = Debug|Any CPU
		{78B356B6-D2E1-4F3C-9F5F-3447DAF6D505}.Debug|x86.ActiveCfg = Debug|Any CPU
		{78B356B6-D2E1-4F3C-9F5F-3447DAF6D505}.Debug|x86.Build.0 = Debug|Any CPU
		{78B356B6-D2E1-4F3C-9F5F-3447DAF6D505}.Release|Any CPU.ActiveCfg = Release|Any CPU
		{78B356B6-D2E1-4F3C-9F5F-3447DAF6D505}.Release|Any CPU.Build.0 = Release|Any CPU
		{78B356B6-D2E1-4F3C-9F5F-3447DAF6D505}.Release|x64.ActiveCfg = Release|Any CPU
		{78B356B6-D2E1-4F3C-9F5F-3447DAF6D505}.Release|x64.Build.0 = Release|Any CPU
		{78B356B6-D2E1-4F3C-9F5F-3447DAF6D505}.Release|x86.ActiveCfg = Release|Any CPU
		{78B356B6-D2E1-4F3C-9F5F-3447DAF6D505}.Release|x86.Build.0 = Release|Any CPU
		{E76B85F6-4EEC-4360-975A-16C0D427F0CC}.Debug|Any CPU.ActiveCfg = Debug|Any CPU
		{E76B85F6-4EEC-4360-975A-16C0D427F0CC}.Debug|Any CPU.Build.0 = Debug|Any CPU
		{E76B85F6-4EEC-4360-975A-16C0D427F0CC}.Debug|x64.ActiveCfg = Debug|Any CPU
		{E76B85F6-4EEC-4360-975A-16C0D427F0CC}.Debug|x64.Build.0 = Debug|Any CPU
		{E76B85F6-4EEC-4360-975A-16C0D427F0CC}.Debug|x86.ActiveCfg = Debug|Any CPU
		{E76B85F6-4EEC-4360-975A-16C0D427F0CC}.Debug|x86.Build.0 = Debug|Any CPU
		{E76B85F6-4EEC-4360-975A-16C0D427F0CC}.Release|Any CPU.ActiveCfg = Release|Any CPU
		{E76B85F6-4EEC-4360-975A-16C0D427F0CC}.Release|Any CPU.Build.0 = Release|Any CPU
		{E76B85F6-4EEC-4360-975A-16C0D427F0CC}.Release|x64.ActiveCfg = Release|Any CPU
		{E76B85F6-4EEC-4360-975A-16C0D427F0CC}.Release|x64.Build.0 = Release|Any CPU
		{E76B85F6-4EEC-4360-975A-16C0D427F0CC}.Release|x86.ActiveCfg = Release|Any CPU
		{E76B85F6-4EEC-4360-975A-16C0D427F0CC}.Release|x86.Build.0 = Release|Any CPU
	EndGlobalSection
	GlobalSection(SolutionProperties) = preSolution
		HideSolutionNode = FALSE
	EndGlobalSection
	GlobalSection(ExtensibilityGlobals) = postSolution
		SolutionGuid = {4329514C-2531-4DC8-8DBD-972B6CE4A1B5}
	EndGlobalSection
EndGlobal
